// !$*UTF8*$!
{
	archiveVersion = 1;
	classes = {
	};
	objectVersion = 46;
	objects = {

/* Begin PBXBuildFile section */
		5C3F4903491DBE82A05D52EC /* Pods_AppleStore.framework in Frameworks */ = {isa = PBXBuildFile; fileRef = E17EAB0E71F9F5FFD31E6572 /* Pods_AppleStore.framework */; };
		EC280EC81E2431BD00A1A8B3 /* AppDelegate.swift in Sources */ = {isa = PBXBuildFile; fileRef = EC280EC71E2431BD00A1A8B3 /* AppDelegate.swift */; };
		EC280ECA1E2431BD00A1A8B3 /* FeaturedAppsController.swift in Sources */ = {isa = PBXBuildFile; fileRef = EC280EC91E2431BD00A1A8B3 /* FeaturedAppsController.swift */; };
		EC280ECF1E2431BD00A1A8B3 /* Assets.xcassets in Resources */ = {isa = PBXBuildFile; fileRef = EC280ECE1E2431BD00A1A8B3 /* Assets.xcassets */; };
		EC3BA0FD1E255D2E00D248E6 /* Extensions.swift in Sources */ = {isa = PBXBuildFile; fileRef = EC3BA0FC1E255D2E00D248E6 /* Extensions.swift */; };
		EC3BA0FF1E255E7E00D248E6 /* CategoryCell.swift in Sources */ = {isa = PBXBuildFile; fileRef = EC3BA0FE1E255E7E00D248E6 /* CategoryCell.swift */; };
		EC4961981E42243600307D0F /* ApiServiceDataSource.swift in Sources */ = {isa = PBXBuildFile; fileRef = EC4961971E42243600307D0F /* ApiServiceDataSource.swift */; };
		ECEA14DC1E30196C00491017 /* AppCategory.swift in Sources */ = {isa = PBXBuildFile; fileRef = ECEA14DB1E30196C00491017 /* AppCategory.swift */; };
/* End PBXBuildFile section */

/* Begin PBXFileReference section */
		44DF24D0211FF35E3D5AB340 /* Pods-AppleStore.debug.xcconfig */ = {isa = PBXFileReference; includeInIndex = 1; lastKnownFileType = text.xcconfig; name = "Pods-AppleStore.debug.xcconfig"; path = "Pods/Target Support Files/Pods-AppleStore/Pods-AppleStore.debug.xcconfig"; sourceTree = "<group>"; };
		E17EAB0E71F9F5FFD31E6572 /* Pods_AppleStore.framework */ = {isa = PBXFileReference; explicitFileType = wrapper.framework; includeInIndex = 0; path = Pods_AppleStore.framework; sourceTree = BUILT_PRODUCTS_DIR; };
		E8734AD345E9EE79B079C8F8 /* Pods-AppleStore.release.xcconfig */ = {isa = PBXFileReference; includeInIndex = 1; lastKnownFileType = text.xcconfig; name = "Pods-AppleStore.release.xcconfig"; path = "Pods/Target Support Files/Pods-AppleStore/Pods-AppleStore.release.xcconfig"; sourceTree = "<group>"; };
		EC280EC41E2431BD00A1A8B3 /* AppleStore.app */ = {isa = PBXFileReference; explicitFileType = wrapper.application; includeInIndex = 0; path = AppleStore.app; sourceTree = BUILT_PRODUCTS_DIR; };
		EC280EC71E2431BD00A1A8B3 /* AppDelegate.swift */ = {isa = PBXFileReference; lastKnownFileType = sourcecode.swift; path = AppDelegate.swift; sourceTree = "<group>"; };
		EC280EC91E2431BD00A1A8B3 /* FeaturedAppsController.swift */ = {isa = PBXFileReference; lastKnownFileType = sourcecode.swift; path = FeaturedAppsController.swift; sourceTree = "<group>"; };
		EC280ECE1E2431BD00A1A8B3 /* Assets.xcassets */ = {isa = PBXFileReference; lastKnownFileType = folder.assetcatalog; path = Assets.xcassets; sourceTree = "<group>"; };
		EC280ED31E2431BD00A1A8B3 /* Info.plist */ = {isa = PBXFileReference; lastKnownFileType = text.plist.xml; path = Info.plist; sourceTree = "<group>"; };
		EC3BA0FC1E255D2E00D248E6 /* Extensions.swift */ = {isa = PBXFileReference; fileEncoding = 4; lastKnownFileType = sourcecode.swift; path = Extensions.swift; sourceTree = "<group>"; };
		EC3BA0FE1E255E7E00D248E6 /* CategoryCell.swift */ = {isa = PBXFileReference; fileEncoding = 4; lastKnownFileType = sourcecode.swift; path = CategoryCell.swift; sourceTree = "<group>"; };
		EC4961971E42243600307D0F /* ApiServiceDataSource.swift */ = {isa = PBXFileReference; fileEncoding = 4; lastKnownFileType = sourcecode.swift; path = ApiServiceDataSource.swift; sourceTree = "<group>"; };
		ECEA14DB1E30196C00491017 /* AppCategory.swift */ = {isa = PBXFileReference; fileEncoding = 4; lastKnownFileType = sourcecode.swift; path = AppCategory.swift; sourceTree = "<group>"; };
/* End PBXFileReference section */

/* Begin PBXFrameworksBuildPhase section */
		EC280EC11E2431BC00A1A8B3 /* Frameworks */ = {
			isa = PBXFrameworksBuildPhase;
			buildActionMask = 2147483647;
			files = (
				5C3F4903491DBE82A05D52EC /* Pods_AppleStore.framework in Frameworks */,
			);
			runOnlyForDeploymentPostprocessing = 0;
		};
/* End PBXFrameworksBuildPhase section */

/* Begin PBXGroup section */
		1857FC16A98ABA63AD0FFA84 /* Frameworks */ = {
			isa = PBXGroup;
			children = (
				E17EAB0E71F9F5FFD31E6572 /* Pods_AppleStore.framework */,
			);
			name = Frameworks;
			sourceTree = "<group>";
		};
		EC280EBB1E2431BC00A1A8B3 = {
			isa = PBXGroup;
			children = (
				EC280EC61E2431BD00A1A8B3 /* AppleStore */,
				EC280EC51E2431BD00A1A8B3 /* Products */,
				FD927BFBEFC98AD08ECFC857 /* Pods */,
				1857FC16A98ABA63AD0FFA84 /* Frameworks */,
			);
			sourceTree = "<group>";
		};
		EC280EC51E2431BD00A1A8B3 /* Products */ = {
			isa = PBXGroup;
			children = (
				EC280EC41E2431BD00A1A8B3 /* AppleStore.app */,
			);
			name = Products;
			sourceTree = "<group>";
		};
		EC280EC61E2431BD00A1A8B3 /* AppleStore */ = {
			isa = PBXGroup;
			children = (
				EC372F041E4E0FEA007797E2 /* Controller */,
				EC372F031E4E0FD4007797E2 /* View */,
				ECEA14DA1E30194400491017 /* Model */,
				EC372F051E4E100D007797E2 /* Helpers */,
				EC280EC71E2431BD00A1A8B3 /* AppDelegate.swift */,
				EC280ED31E2431BD00A1A8B3 /* Info.plist */,
				EC280ECE1E2431BD00A1A8B3 /* Assets.xcassets */,
			);
			path = AppleStore;
			sourceTree = "<group>";
		};
		EC372F031E4E0FD4007797E2 /* View */ = {
			isa = PBXGroup;
			children = (
				EC3BA0FE1E255E7E00D248E6 /* CategoryCell.swift */,
			);
			name = View;
			sourceTree = "<group>";
		};
		EC372F041E4E0FEA007797E2 /* Controller */ = {
			isa = PBXGroup;
			children = (
				EC280EC91E2431BD00A1A8B3 /* FeaturedAppsController.swift */,
			);
			name = Controller;
			sourceTree = "<group>";
		};
		EC372F051E4E100D007797E2 /* Helpers */ = {
			isa = PBXGroup;
			children = (
				EC3BA0FC1E255D2E00D248E6 /* Extensions.swift */,
				EC4961971E42243600307D0F /* ApiServiceDataSource.swift */,
			);
			name = Helpers;
			sourceTree = "<group>";
		};
		ECEA14DA1E30194400491017 /* Model */ = {
			isa = PBXGroup;
			children = (
				ECEA14DB1E30196C00491017 /* AppCategory.swift */,
			);
			name = Model;
			sourceTree = "<group>";
		};
		FD927BFBEFC98AD08ECFC857 /* Pods */ = {
			isa = PBXGroup;
			children = (
				44DF24D0211FF35E3D5AB340 /* Pods-AppleStore.debug.xcconfig */,
				E8734AD345E9EE79B079C8F8 /* Pods-AppleStore.release.xcconfig */,
			);
			name = Pods;
			sourceTree = "<group>";
		};
/* End PBXGroup section */

/* Begin PBXNativeTarget section */
		EC280EC31E2431BC00A1A8B3 /* AppleStore */ = {
			isa = PBXNativeTarget;
			buildConfigurationList = EC280ED61E2431BD00A1A8B3 /* Build configuration list for PBXNativeTarget "AppleStore" */;
			buildPhases = (
				B2BD017DA8260FE6E75417EB /* [CP] Check Pods Manifest.lock */,
				EC280EC01E2431BC00A1A8B3 /* Sources */,
				EC280EC11E2431BC00A1A8B3 /* Frameworks */,
				EC280EC21E2431BC00A1A8B3 /* Resources */,
				3A88A6547B952359053B6208 /* [CP] Embed Pods Frameworks */,
				56B011247303B793CA9EB5E2 /* [CP] Copy Pods Resources */,
			);
			buildRules = (
			);
			dependencies = (
			);
			name = AppleStore;
			productName = AppleStore;
			productReference = EC280EC41E2431BD00A1A8B3 /* AppleStore.app */;
			productType = "com.apple.product-type.application";
		};
/* End PBXNativeTarget section */

/* Begin PBXProject section */
		EC280EBC1E2431BC00A1A8B3 /* Project object */ = {
			isa = PBXProject;
			attributes = {
				LastSwiftUpdateCheck = 0820;
				LastUpgradeCheck = 0820;
				ORGANIZATIONNAME = Fernando;
				TargetAttributes = {
					EC280EC31E2431BC00A1A8B3 = {
						CreatedOnToolsVersion = 8.2.1;
						DevelopmentTeam = ZXBK6BD56X;
						ProvisioningStyle = Automatic;
					};
				};
			};
			buildConfigurationList = EC280EBF1E2431BC00A1A8B3 /* Build configuration list for PBXProject "AppleStore" */;
			compatibilityVersion = "Xcode 3.2";
			developmentRegion = English;
			hasScannedForEncodings = 0;
			knownRegions = (
				en,
				Base,
			);
			mainGroup = EC280EBB1E2431BC00A1A8B3;
			productRefGroup = EC280EC51E2431BD00A1A8B3 /* Products */;
			projectDirPath = "";
			projectRoot = "";
			targets = (
				EC280EC31E2431BC00A1A8B3 /* AppleStore */,
			);
		};
/* End PBXProject section */

/* Begin PBXResourcesBuildPhase section */
		EC280EC21E2431BC00A1A8B3 /* Resources */ = {
			isa = PBXResourcesBuildPhase;
			buildActionMask = 2147483647;
			files = (
				EC280ECF1E2431BD00A1A8B3 /* Assets.xcassets in Resources */,
			);
			runOnlyForDeploymentPostprocessing = 0;
		};
/* End PBXResourcesBuildPhase section */

/* Begin PBXShellScriptBuildPhase section */
		3A88A6547B952359053B6208 /* [CP] Embed Pods Frameworks */ = {
			isa = PBXShellScriptBuildPhase;
			buildActionMask = 2147483647;
			files = (
			);
			inputPaths = (
			);
			name = "[CP] Embed Pods Frameworks";
			outputPaths = (
			);
			runOnlyForDeploymentPostprocessing = 0;
			shellPath = /bin/sh;
			shellScript = "\"${SRCROOT}/Pods/Target Support Files/Pods-AppleStore/Pods-AppleStore-frameworks.sh\"\n";
			showEnvVarsInLog = 0;
		};
		56B011247303B793CA9EB5E2 /* [CP] Copy Pods Resources */ = {
			isa = PBXShellScriptBuildPhase;
			buildActionMask = 2147483647;
			files = (
			);
			inputPaths = (
			);
			name = "[CP] Copy Pods Resources";
			outputPaths = (
			);
			runOnlyForDeploymentPostprocessing = 0;
			shellPath = /bin/sh;
			shellScript = "\"${SRCROOT}/Pods/Target Support Files/Pods-AppleStore/Pods-AppleStore-resources.sh\"\n";
			showEnvVarsInLog = 0;
		};
		B2BD017DA8260FE6E75417EB /* [CP] Check Pods Manifest.lock */ = {
			isa = PBXShellScriptBuildPhase;
			buildActionMask = 2147483647;
			files = (
			);
			inputPaths = (
			);
			name = "[CP] Check Pods Manifest.lock";
			outputPaths = (
			);
			runOnlyForDeploymentPostprocessing = 0;
			shellPath = /bin/sh;
			shellScript = "diff \"${PODS_ROOT}/../Podfile.lock\" \"${PODS_ROOT}/Manifest.lock\" > /dev/null\nif [ $? != 0 ] ; then\n    # print error to STDERR\n    echo \"error: The sandbox is not in sync with the Podfile.lock. Run 'pod install' or update your CocoaPods installation.\" >&2\n    exit 1\nfi\n";
			showEnvVarsInLog = 0;
		};
/* End PBXShellScriptBuildPhase section */

/* Begin PBXSourcesBuildPhase section */
		EC280EC01E2431BC00A1A8B3 /* Sources */ = {
			isa = PBXSourcesBuildPhase;
			buildActionMask = 2147483647;
			files = (
				EC280ECA1E2431BD00A1A8B3 /* FeaturedAppsController.swift in Sources */,
				ECEA14DC1E30196C00491017 /* AppCategory.swift in Sources */,
				EC4961981E42243600307D0F /* ApiServiceDataSource.swift in Sources */,
				EC3BA0FD1E255D2E00D248E6 /* Extensions.swift in Sources */,
				EC280EC81E2431BD00A1A8B3 /* AppDelegate.swift in Sources */,
				EC3BA0FF1E255E7E00D248E6 /* CategoryCell.swift in Sources */,
			);
			runOnlyForDeploymentPostprocessing = 0;
		};
/* End PBXSourcesBuildPhase section */

/* Begin XCBuildConfiguration section */
		EC280ED41E2431BD00A1A8B3 /* Debug */ = {
			isa = XCBuildConfiguration;
			buildSettings = {
				ALWAYS_SEARCH_USER_PATHS = NO;
				CLANG_ANALYZER_NONNULL = YES;
				CLANG_CXX_LANGUAGE_STANDARD = "gnu++0x";
				CLANG_CXX_LIBRARY = "libc++";
				CLANG_ENABLE_MODULES = YES;
				CLANG_ENABLE_OBJC_ARC = YES;
				CLANG_WARN_BOOL_CONVERSION = YES;
				CLANG_WARN_CONSTANT_CONVERSION = YES;
				CLANG_WARN_DIRECT_OBJC_ISA_USAGE = YES_ERROR;
				CLANG_WARN_DOCUMENTATION_COMMENTS = YES;
				CLANG_WARN_EMPTY_BODY = YES;
				CLANG_WARN_ENUM_CONVERSION = YES;
				CLANG_WARN_INFINITE_RECURSION = YES;
				CLANG_WARN_INT_CONVERSION = YES;
				CLANG_WARN_OBJC_ROOT_CLASS = YES_ERROR;
				CLANG_WARN_SUSPICIOUS_MOVE = YES;
				CLANG_WARN_UNREACHABLE_CODE = YES;
				CLANG_WARN__DUPLICATE_METHOD_MATCH = YES;
				"CODE_SIGN_IDENTITY[sdk=iphoneos*]" = "iPhone Developer";
				COPY_PHASE_STRIP = NO;
				DEBUG_INFORMATION_FORMAT = dwarf;
				ENABLE_STRICT_OBJC_MSGSEND = YES;
				ENABLE_TESTABILITY = YES;
				GCC_C_LANGUAGE_STANDARD = gnu99;
				GCC_DYNAMIC_NO_PIC = NO;
				GCC_NO_COMMON_BLOCKS = YES;
				GCC_OPTIMIZATION_LEVEL = 0;
				GCC_PREPROCESSOR_DEFINITIONS = (
					"DEBUG=1",
					"$(inherited)",
				);
				GCC_WARN_64_TO_32_BIT_CONVERSION = YES;
				GCC_WARN_ABOUT_RETURN_TYPE = YES_ERROR;
				GCC_WARN_UNDECLARED_SELECTOR = YES;
				GCC_WARN_UNINITIALIZED_AUTOS = YES_AGGRESSIVE;
				GCC_WARN_UNUSED_FUNCTION = YES;
				GCC_WARN_UNUSED_VARIABLE = YES;
				IPHONEOS_DEPLOYMENT_TARGET = 10.2;
				MTL_ENABLE_DEBUG_INFO = YES;
				ONLY_ACTIVE_ARCH = YES;
				SDKROOT = iphoneos;
				SWIFT_ACTIVE_COMPILATION_CONDITIONS = DEBUG;
				SWIFT_OPTIMIZATION_LEVEL = "-Onone";
			};
			name = Debug;
		};
		EC280ED51E2431BD00A1A8B3 /* Release */ = {
			isa = XCBuildConfiguration;
			buildSettings = {
				ALWAYS_SEARCH_USER_PATHS = NO;
				CLANG_ANALYZER_NONNULL = YES;
				CLANG_CXX_LANGUAGE_STANDARD = "gnu++0x";
				CLANG_CXX_LIBRARY = "libc++";
				CLANG_ENABLE_MODULES = YES;
				CLANG_ENABLE_OBJC_ARC = YES;
				CLANG_WARN_BOOL_CONVERSION = YES;
				CLANG_WARN_CONSTANT_CONVERSION = YES;
				CLANG_WARN_DIRECT_OBJC_ISA_USAGE = YES_ERROR;
				CLANG_WARN_DOCUMENTATION_COMMENTS = YES;
				CLANG_WARN_EMPTY_BODY = YES;
				CLANG_WARN_ENUM_CONVERSION = YES;
				CLANG_WARN_INFINITE_RECURSION = YES;
				CLANG_WARN_INT_CONVERSION = YES;
				CLANG_WARN_OBJC_ROOT_CLASS = YES_ERROR;
				CLANG_WARN_SUSPICIOUS_MOVE = YES;
				CLANG_WARN_UNREACHABLE_CODE = YES;
				CLANG_WARN__DUPLICATE_METHOD_MATCH = YES;
				"CODE_SIGN_IDENTITY[sdk=iphoneos*]" = "iPhone Developer";
				COPY_PHASE_STRIP = NO;
				DEBUG_INFORMATION_FORMAT = "dwarf-with-dsym";
				ENABLE_NS_ASSERTIONS = NO;
				ENABLE_STRICT_OBJC_MSGSEND = YES;
				GCC_C_LANGUAGE_STANDARD = gnu99;
				GCC_NO_COMMON_BLOCKS = YES;
				GCC_WARN_64_TO_32_BIT_CONVERSION = YES;
				GCC_WARN_ABOUT_RETURN_TYPE = YES_ERROR;
				GCC_WARN_UNDECLARED_SELECTOR = YES;
				GCC_WARN_UNINITIALIZED_AUTOS = YES_AGGRESSIVE;
				GCC_WARN_UNUSED_FUNCTION = YES;
				GCC_WARN_UNUSED_VARIABLE = YES;
				IPHONEOS_DEPLOYMENT_TARGET = 10.2;
				MTL_ENABLE_DEBUG_INFO = NO;
				SDKROOT = iphoneos;
				SWIFT_OPTIMIZATION_LEVEL = "-Owholemodule";
				VALIDATE_PRODUCT = YES;
			};
			name = Release;
		};
		EC280ED71E2431BD00A1A8B3 /* Debug */ = {
			isa = XCBuildConfiguration;
			baseConfigurationReference = 44DF24D0211FF35E3D5AB340 /* Pods-AppleStore.debug.xcconfig */;
			buildSettings = {
				ASSETCATALOG_COMPILER_APPICON_NAME = AppIcon;
				DEVELOPMENT_TEAM = ZXBK6BD56X;
				INFOPLIST_FILE = AppleStore/Info.plist;
				LD_RUNPATH_SEARCH_PATHS = "$(inherited) @executable_path/Frameworks";
				PRODUCT_BUNDLE_IDENTIFIER = com.fernando.AppleStore;
				PRODUCT_NAME = "$(TARGET_NAME)";
				SWIFT_VERSION = 3.0;
			};
			name = Debug;
		};
		EC280ED81E2431BD00A1A8B3 /* Release */ = {
			isa = XCBuildConfiguration;
			baseConfigurationReference = E8734AD345E9EE79B079C8F8 /* Pods-AppleStore.release.xcconfig */;
			buildSettings = {
				ASSETCATALOG_COMPILER_APPICON_NAME = AppIcon;
				DEVELOPMENT_TEAM = ZXBK6BD56X;
				INFOPLIST_FILE = AppleStore/Info.plist;
				LD_RUNPATH_SEARCH_PATHS = "$(inherited) @executable_path/Frameworks";
				PRODUCT_BUNDLE_IDENTIFIER = com.fernando.AppleStore;
				PRODUCT_NAME = "$(TARGET_NAME)";
				SWIFT_VERSION = 3.0;
			};
			name = Release;
		};
/* End XCBuildConfiguration section */

/* Begin XCConfigurationList section */
		EC280EBF1E2431BC00A1A8B3 /* Build configuration list for PBXProject "AppleStore" */ = {
			isa = XCConfigurationList;
			buildConfigurations = (
				EC280ED41E2431BD00A1A8B3 /* Debug */,
				EC280ED51E2431BD00A1A8B3 /* Release */,
			);
			defaultConfigurationIsVisible = 0;
			defaultConfigurationName = Release;
		};
		EC280ED61E2431BD00A1A8B3 /* Build configuration list for PBXNativeTarget "AppleStore" */ = {
			isa = XCConfigurationList;
			buildConfigurations = (
				EC280ED71E2431BD00A1A8B3 /* Debug */,
				EC280ED81E2431BD00A1A8B3 /* Release */,
			);
			defaultConfigurationIsVisible = 0;
			defaultConfigurationName = Release;
		};
/* End XCConfigurationList section */
	};
	rootObject = EC280EBC1E2431BC00A1A8B3 /* Project object */;
}
